
Microsoft Visual Studio Solution File, Format Version 12.00
# Visual Studio Version 16
VisualStudioVersion = 16.0.31005.135
MinimumVisualStudioVersion = 10.0.40219.1
Project("{FAE04EC0-301F-11D3-BF4B-00C04F79EFBC}") = "Game", "Game\Game.csproj", "{863DCA2A-9F7B-4EC5-A8FA-23A0DD6AA76D}"
EndProject
Global
	GlobalSection(SolutionConfigurationPlatforms) = preSolution
		Debug|Any CPU = Debug|Any CPU
		Release|Any CPU = Release|Any CPU
	EndGlobalSection
	GlobalSection(ProjectConfigurationPlatforms) = postSolution
		{863DCA2A-9F7B-4EC5-A8FA-23A0DD6AA76D}.Debug|Any CPU.ActiveCfg = Debug|Any CPU
		{863DCA2A-9F7B-4EC5-A8FA-23A0DD6AA76D}.Debug|Any CPU.Build.0 = Debug|Any CPU
		{863DCA2A-9F7B-4EC5-A8FA-23A0DD6AA76D}.Release|Any CPU.ActiveCfg = Release|Any CPU
		{863DCA2A-9F7B-4EC5-A8FA-23A0DD6AA76D}.Release|Any CPU.Build.0 = Release|Any CPU
	EndGlobalSection
	GlobalSection(SolutionProperties) = preSolution
		HideSolutionNode = FALSE
	EndGlobalSection
	GlobalSection(ExtensibilityGlobals) = postSolution
		SolutionGuid = {8ED8A480-C922-4B9B-9367-D7664768EB7F}
	EndGlobalSection
EndGlobal
